# This file is @generated by PDM.
# It is not intended for manual editing.

[[package]]
name = "astunparse"
version = "1.6.3"
summary = "An AST unparser for Python"
dependencies = [
    "six<2.0,>=1.6.1",
    "wheel<1.0,>=0.23.0",
]

[[package]]
name = "graphql-core"
version = "3.2.3"
requires_python = ">=3.6,<4"
summary = "GraphQL implementation for Python, a port of GraphQL.js, the JavaScript reference implementation for GraphQL."

[[package]]
name = "python-dateutil"
version = "2.8.2"
requires_python = "!=3.0.*,!=3.1.*,!=3.2.*,>=2.7"
summary = "Extensions to the standard Python datetime module"
dependencies = [
    "six>=1.5",
]

[[package]]
name = "six"
version = "1.16.0"
requires_python = ">=2.7, !=3.0.*, !=3.1.*, !=3.2.*"
summary = "Python 2 and 3 compatibility utilities"

[[package]]
name = "strawberry-graphql"
version = "0.192.0"
requires_python = ">=3.7,<4.0"
summary = "A library for creating GraphQL APIs"
dependencies = [
    "astunparse<2.0.0,>=1.6.3; python_version < \"3.9\"",
    "graphql-core<3.3.0,>=3.2.0",
    "python-dateutil<3.0.0,>=2.7.0",
    "typing-extensions>=4.5.0",
]

[[package]]
name = "typing-extensions"
version = "4.7.0"
requires_python = ">=3.7"
summary = "Backported and Experimental Type Hints for Python 3.7+"

[[package]]
name = "wheel"
version = "0.40.0"
requires_python = ">=3.7"
summary = "A built-package format for Python"

[metadata]
lock_version = "4.2"
cross_platform = true
groups = ["default"]
content_hash = "sha256:3953f6abcd0fee07bae867fb613689ffb2612fa7cce966f303c5c59fec7038b0"

[metadata.files]
"astunparse 1.6.3" = [
    {url = "https://files.pythonhosted.org/packages/2b/03/13dde6512ad7b4557eb792fbcf0c653af6076b81e5941d36ec61f7ce6028/astunparse-1.6.3-py2.py3-none-any.whl", hash = "sha256:c2652417f2c8b5bb325c885ae329bdf3f86424075c4fd1a128674bc6fba4b8e8"},
    {url = "https://files.pythonhosted.org/packages/f3/af/4182184d3c338792894f34a62672919db7ca008c89abee9b564dd34d8029/astunparse-1.6.3.tar.gz", hash = "sha256:5ad93a8456f0d084c3456d059fd9a92cce667963232cbf763eac3bc5b7940872"},
]
"graphql-core 3.2.3" = [
    {url = "https://files.pythonhosted.org/packages/ee/a6/94df9045ca1bac404c7b394094cd06713f63f49c7a4d54d99b773ae81737/graphql-core-3.2.3.tar.gz", hash = "sha256:06d2aad0ac723e35b1cb47885d3e5c45e956a53bc1b209a9fc5369007fe46676"},
    {url = "https://files.pythonhosted.org/packages/f8/39/e5143e7ec70939d2076c1165ae9d4a3815597019c4d797b7f959cf778600/graphql_core-3.2.3-py3-none-any.whl", hash = "sha256:5766780452bd5ec8ba133f8bf287dc92713e3868ddd83aee4faab9fc3e303dc3"},
]
"python-dateutil 2.8.2" = [
    {url = "https://files.pythonhosted.org/packages/36/7a/87837f39d0296e723bb9b62bbb257d0355c7f6128853c78955f57342a56d/python_dateutil-2.8.2-py2.py3-none-any.whl", hash = "sha256:961d03dc3453ebbc59dbdea9e4e11c5651520a876d0f4db161e8674aae935da9"},
    {url = "https://files.pythonhosted.org/packages/4c/c4/13b4776ea2d76c115c1d1b84579f3764ee6d57204f6be27119f13a61d0a9/python-dateutil-2.8.2.tar.gz", hash = "sha256:0123cacc1627ae19ddf3c27a5de5bd67ee4586fbdd6440d9748f8abb483d3e86"},
]
"six 1.16.0" = [
    {url = "https://files.pythonhosted.org/packages/71/39/171f1c67cd00715f190ba0b100d606d440a28c93c7714febeca8b79af85e/six-1.16.0.tar.gz", hash = "sha256:1e61c37477a1626458e36f7b1d82aa5c9b094fa4802892072e49de9c60c4c926"},
    {url = "https://files.pythonhosted.org/packages/d9/5a/e7c31adbe875f2abbb91bd84cf2dc52d792b5a01506781dbcf25c91daf11/six-1.16.0-py2.py3-none-any.whl", hash = "sha256:8abb2f1d86890a2dfb989f9a77cfcfd3e47c2a354b01111771326f8aa26e0254"},
]
"strawberry-graphql 0.192.0" = [
    {url = "https://files.pythonhosted.org/packages/0c/cc/9cf4fd21c6a1cd967a229219d276363b0bb9128adb27fcfc6b705a89efe9/strawberry_graphql-0.192.0.tar.gz", hash = "sha256:1662a99fd6d7df8f4def7b6e11f19c42c12d459f5f9a3ccc3d3812fa6d5d5083"},
    {url = "https://files.pythonhosted.org/packages/5d/b5/640143f84e353a3de668d9b416149faacb83deec63cf6fbfd0e7088565f5/strawberry_graphql-0.192.0-py3-none-any.whl", hash = "sha256:1eb84b96e75fccabbfc4b908da4bfc6e9177ab1632d246323ef99b7482da079a"},
]
"typing-extensions 4.7.0" = [
    {url = "https://files.pythonhosted.org/packages/57/e3/b37a6b1ce6c1b2b75d05997ec24f73c794bc05a587e0f30a532d0ab13cb2/typing_extensions-4.7.0.tar.gz", hash = "sha256:935ccf31549830cda708b42289d44b6f74084d616a00be651601a4f968e77c82"},
    {url = "https://files.pythonhosted.org/packages/7e/4d/b0185d077dc1cd070a56859a0ba3bb6e76618393ec693e59faf1368da8f6/typing_extensions-4.7.0-py3-none-any.whl", hash = "sha256:5d8c9dac95c27d20df12fb1d97b9793ab8b2af8a3a525e68c80e21060c161771"},
]
"wheel 0.40.0" = [
    {url = "https://files.pythonhosted.org/packages/61/86/cc8d1ff2ca31a312a25a708c891cf9facbad4eae493b3872638db6785eb5/wheel-0.40.0-py3-none-any.whl", hash = "sha256:d236b20e7cb522daf2390fa84c55eea81c5c30190f90f29ae2ca1ad8355bf247"},
    {url = "https://files.pythonhosted.org/packages/fc/ef/0335f7217dd1e8096a9e8383e1d472aa14717878ffe07c4772e68b6e8735/wheel-0.40.0.tar.gz", hash = "sha256:cd1196f3faee2b31968d626e1731c94f99cbdb67cf5a46e4f5656cbee7738873"},
]
